
Microsoft Visual Studio Solution File, Format Version 12.00
# Visual Studio Version 17
VisualStudioVersion = 17.10.35027.167
MinimumVisualStudioVersion = 10.0.40219.1
Project("{2150E333-8FDC-42A3-9474-1A3956D46DE8}") = "Services", "Services", "{1DAC8C5B-24A8-4A87-92C4-CEDA7DDCB441}"
EndProject
Project("{2150E333-8FDC-42A3-9474-1A3956D46DE8}") = "Catalog", "Catalog", "{9C0039C3-3F29-4F1A-AF63-AE608B2EB45A}"
EndProject
Project("{9A19103F-16F7-4668-BE54-9A1E7A4F7556}") = "Catalog.API", "Services\Catalog\Catalog.API\Catalog.API.csproj", "{DB1F2A94-6DAD-4542-BE85-38FD62D42F16}"
EndProject
Project("{2150E333-8FDC-42A3-9474-1A3956D46DE8}") = "CoreLibrary", "CoreLibrary", "{D10DF72F-61A0-4E65-905B-C0E80D70A9B2}"
EndProject
Project("{9A19103F-16F7-4668-BE54-9A1E7A4F7556}") = "CoreLibrary", "CoreLibrary\CoreLibrary\CoreLibrary.csproj", "{4F896A88-D2CA-421B-BCEF-1D07AE730CDE}"
EndProject
Project("{E53339B2-1760-4266-BCC7-CA923CBCF16C}") = "docker-compose", "docker-compose.dcproj", "{6C53187C-B310-4F64-82A7-807AD4204207}"
EndProject
Project("{2150E333-8FDC-42A3-9474-1A3956D46DE8}") = "Solution Items", "Solution Items", "{8C50DF7D-BB6A-488C-ADFA-799B70DB2A33}"
	ProjectSection(SolutionItems) = preProject
		.editorconfig = .editorconfig
	EndProjectSection
EndProject
Project("{2150E333-8FDC-42A3-9474-1A3956D46DE8}") = "Basket", "Basket", "{17D770E8-A106-4440-B8AC-5B795D6FA095}"
EndProject
Project("{9A19103F-16F7-4668-BE54-9A1E7A4F7556}") = "Basket.API", "Services\Basket\Basket.API\Basket.API.csproj", "{B7284384-9653-4EB3-857E-28CBA254BE85}"
EndProject
Project("{2150E333-8FDC-42A3-9474-1A3956D46DE8}") = "Discount", "Discount", "{483F526D-703B-4627-89FF-E8B6A680C14B}"
EndProject
Project("{FAE04EC0-301F-11D3-BF4B-00C04F79EFBC}") = "Discount.Grpc", "Services\Discount\Discount.Grpc\Discount.Grpc.csproj", "{279ED293-3FD2-4796-AFC8-3DFC69C63553}"
EndProject
Global
	GlobalSection(SolutionConfigurationPlatforms) = preSolution
		Debug|Any CPU = Debug|Any CPU
		Release|Any CPU = Release|Any CPU
	EndGlobalSection
	GlobalSection(ProjectConfigurationPlatforms) = postSolution
		{DB1F2A94-6DAD-4542-BE85-38FD62D42F16}.Debug|Any CPU.ActiveCfg = Debug|Any CPU
		{DB1F2A94-6DAD-4542-BE85-38FD62D42F16}.Debug|Any CPU.Build.0 = Debug|Any CPU
		{DB1F2A94-6DAD-4542-BE85-38FD62D42F16}.Release|Any CPU.ActiveCfg = Release|Any CPU
		{DB1F2A94-6DAD-4542-BE85-38FD62D42F16}.Release|Any CPU.Build.0 = Release|Any CPU
		{4F896A88-D2CA-421B-BCEF-1D07AE730CDE}.Debug|Any CPU.ActiveCfg = Debug|Any CPU
		{4F896A88-D2CA-421B-BCEF-1D07AE730CDE}.Debug|Any CPU.Build.0 = Debug|Any CPU
		{4F896A88-D2CA-421B-BCEF-1D07AE730CDE}.Release|Any CPU.ActiveCfg = Release|Any CPU
		{4F896A88-D2CA-421B-BCEF-1D07AE730CDE}.Release|Any CPU.Build.0 = Release|Any CPU
		{6C53187C-B310-4F64-82A7-807AD4204207}.Debug|Any CPU.ActiveCfg = Debug|Any CPU
		{6C53187C-B310-4F64-82A7-807AD4204207}.Debug|Any CPU.Build.0 = Debug|Any CPU
		{6C53187C-B310-4F64-82A7-807AD4204207}.Release|Any CPU.ActiveCfg = Release|Any CPU
		{6C53187C-B310-4F64-82A7-807AD4204207}.Release|Any CPU.Build.0 = Release|Any CPU
		{B7284384-9653-4EB3-857E-28CBA254BE85}.Debug|Any CPU.ActiveCfg = Debug|Any CPU
		{B7284384-9653-4EB3-857E-28CBA254BE85}.Debug|Any CPU.Build.0 = Debug|Any CPU
		{B7284384-9653-4EB3-857E-28CBA254BE85}.Release|Any CPU.ActiveCfg = Release|Any CPU
		{B7284384-9653-4EB3-857E-28CBA254BE85}.Release|Any CPU.Build.0 = Release|Any CPU
		{279ED293-3FD2-4796-AFC8-3DFC69C63553}.Debug|Any CPU.ActiveCfg = Debug|Any CPU
		{279ED293-3FD2-4796-AFC8-3DFC69C63553}.Debug|Any CPU.Build.0 = Debug|Any CPU
		{279ED293-3FD2-4796-AFC8-3DFC69C63553}.Release|Any CPU.ActiveCfg = Release|Any CPU
		{279ED293-3FD2-4796-AFC8-3DFC69C63553}.Release|Any CPU.Build.0 = Release|Any CPU
	EndGlobalSection
	GlobalSection(SolutionProperties) = preSolution
		HideSolutionNode = FALSE
	EndGlobalSection
	GlobalSection(NestedProjects) = preSolution
		{9C0039C3-3F29-4F1A-AF63-AE608B2EB45A} = {1DAC8C5B-24A8-4A87-92C4-CEDA7DDCB441}
		{DB1F2A94-6DAD-4542-BE85-38FD62D42F16} = {9C0039C3-3F29-4F1A-AF63-AE608B2EB45A}
		{4F896A88-D2CA-421B-BCEF-1D07AE730CDE} = {D10DF72F-61A0-4E65-905B-C0E80D70A9B2}
		{17D770E8-A106-4440-B8AC-5B795D6FA095} = {1DAC8C5B-24A8-4A87-92C4-CEDA7DDCB441}
		{B7284384-9653-4EB3-857E-28CBA254BE85} = {17D770E8-A106-4440-B8AC-5B795D6FA095}
		{483F526D-703B-4627-89FF-E8B6A680C14B} = {1DAC8C5B-24A8-4A87-92C4-CEDA7DDCB441}
		{279ED293-3FD2-4796-AFC8-3DFC69C63553} = {483F526D-703B-4627-89FF-E8B6A680C14B}
	EndGlobalSection
	GlobalSection(ExtensibilityGlobals) = postSolution
		SolutionGuid = {CF9FECDE-83DE-442D-A414-6A27350F49D3}
	EndGlobalSection
EndGlobal
